{
  "nodes": {
    "nixos-hardware": {
      "inputs": {
        "nixpkgs": "nixpkgs"
      },
      "locked": {
        "lastModified": 1786087715,
        "narHash": "sha256-RZGuOg5fb0qYuxdhybMB+4OKacQJ0spDh7degMX08AM=",
        "owner": "NixOS",
        "repo": "nixos-hardware",
        "rev": "7aefd9ab01eef691c5c688d9ca4d1ea003cca284",
        "type": "github"
      },
      "original": {
        "owner": "NixOS",
        "repo": "nixos-hardware",
        "rev": "7aefd9ab01eef691c5c688d9ca4d1ea003cca284",
        "type": "github"
      }
    },
    "nixpkgs": {
      "locked": {
        "lastModified": 1767892417,
        "narHash": "sha256-8bW3q88CEg2u4hSP66Vf4lpbLonHz7hqDNBMcCY7E9U=",
        "rev": "3497aa5c9457a9d88d71fa93a4a8368816fbeeba",
        "type": "tarball",
        "url": "https://releases.nixos.org/nixos/unstable/nixos-26.05pre924538.3497aa5c9457/nixexprs.tar.xz"
      },
      "original": {
        "type": "tarball",
        "url": "https://channels.nixos.org/nixos-unstable/nixexprs.tar.xz"
      }
    },
    "nixpkgs_2": {
      "locked": {
        "lastModified": 1788584326,
        "narHash": "sha256-Fd3OB8J9JhgliQwOKcqx4M672CInxi1I5VnwsaXeSQo=",
        "owner": "nixos",
        "repo": "nixpkgs",
        "rev": "6713828a351efa628b025a1adf7f43cbf8597513",
        "type": "github"
      },
      "original": {
        "owner": "nixos",
        "ref": "nixos-26.05",
        "repo": "nixpkgs",
        "type": "github"
      }
    },
    "root": {
      "inputs": {
        "nixos-hardware": "nixos-hardware",
        "nixpkgs": "nixpkgs_2"
      }
    }
  },
  "root": "root",
  "version": 7
}
